
Microsoft Visual Studio Solution File, Format Version 12.00
# Visual Studio Version 16
VisualStudioVersion = 16.0.29215.179
MinimumVisualStudioVersion = 10.0.40219.1
Project("{9A19103F-16F7-4668-BE54-9A1E7A4F7556}") = "01 简单工厂模式", "设计模式Demo\01 简单工厂模式.csproj", "{FBD93FD5-956B-466E-BEA7-B74D1B076856}"
EndProject
Project("{9A19103F-16F7-4668-BE54-9A1E7A4F7556}") = "02 策略模式", "策略模式\02 策略模式.csproj", "{75AEA496-095A-4F99-893B-C01BB8550D4D}"
EndProject
Project("{9A19103F-16F7-4668-BE54-9A1E7A4F7556}") = "03 装饰模式", "03 装饰模式\03 装饰模式.csproj", "{2D8EB19A-3FD6-4EAD-8D5D-137B850986F9}"
EndProject
Project("{9A19103F-16F7-4668-BE54-9A1E7A4F7556}") = "04 代理模式", "04 代理模式\04 代理模式.csproj", "{2878F37F-823C-400D-9138-218722365630}"
EndProject
Project("{FAE04EC0-301F-11D3-BF4B-00C04F79EFBC}") = "05 工厂方法模式", "05 工厂方法模式\05 工厂方法模式.csproj", "{432F6CE0-41E0-4E31-905C-F69FB439DD02}"
EndProject
Project("{FAE04EC0-301F-11D3-BF4B-00C04F79EFBC}") = "06 原型模式", "06 原型模式\06 原型模式.csproj", "{248D6E1F-E79F-4C7F-B7E1-6A73CAD1227E}"
EndProject
Project("{FAE04EC0-301F-11D3-BF4B-00C04F79EFBC}") = "07 模板方法模式", "07 模板方法模式\07 模板方法模式.csproj", "{9ED7F78D-3177-4426-A6A8-184060BDB960}"
EndProject
Project("{FAE04EC0-301F-11D3-BF4B-00C04F79EFBC}") = "08 外观模式", "08 外观模式\08 外观模式.csproj", "{3EC63C1F-9EAD-4D70-8EFB-E715F97DF7DF}"
EndProject
Project("{FAE04EC0-301F-11D3-BF4B-00C04F79EFBC}") = "09 建造者模式", "09 建造者模式\09 建造者模式.csproj", "{D07F6393-1A48-4135-AE57-996A859CB843}"
EndProject
Project("{FAE04EC0-301F-11D3-BF4B-00C04F79EFBC}") = "10 观察者模式", "10 观察者模式\10 观察者模式.csproj", "{4E225F3C-01AD-4389-BBB5-8B80F7DBBCB3}"
EndProject
Project("{FAE04EC0-301F-11D3-BF4B-00C04F79EFBC}") = "11 抽象工厂模式", "11 抽象工厂模式\11 抽象工厂模式.csproj", "{87F5F68D-C31A-40E0-A465-7170965E7524}"
EndProject
Project("{FAE04EC0-301F-11D3-BF4B-00C04F79EFBC}") = "12 状态模式", "12 状态模式\12 状态模式.csproj", "{9F7A62C2-C7E3-46EF-AA60-661199C9C7DA}"
EndProject
Project("{FAE04EC0-301F-11D3-BF4B-00C04F79EFBC}") = "13 适配器模式", "13 适配器模式\13 适配器模式.csproj", "{E3E4A5BC-3681-451D-88EA-037EC3D98979}"
EndProject
Project("{FAE04EC0-301F-11D3-BF4B-00C04F79EFBC}") = "14 备忘录模式", "14 备忘录模式\14 备忘录模式.csproj", "{596AF214-8C6C-49DD-AF23-E09C7ACF4BBA}"
EndProject
Project("{FAE04EC0-301F-11D3-BF4B-00C04F79EFBC}") = "15 组合模式", "15 组合模式\15 组合模式.csproj", "{F2536E09-CD9D-48AB-A56F-7F44E1A613A3}"
EndProject
Project("{FAE04EC0-301F-11D3-BF4B-00C04F79EFBC}") = "16 迭代器模式", "16 迭代器模式\16 迭代器模式.csproj", "{B16B85D8-6D6D-48E0-AA97-759E606AE1AE}"
EndProject
Project("{FAE04EC0-301F-11D3-BF4B-00C04F79EFBC}") = "17 单例模式", "17 单例模式\17 单例模式.csproj", "{9EA38B8C-F41E-4D1A-971A-61729C5C3A96}"
EndProject
Project("{FAE04EC0-301F-11D3-BF4B-00C04F79EFBC}") = "18 桥接模式", "18 桥接模式\18 桥接模式.csproj", "{EDBC7335-41E5-4193-991B-4DA3B629EF1D}"
EndProject
Project("{FAE04EC0-301F-11D3-BF4B-00C04F79EFBC}") = "19 命令模式", "19 命令模式\19 命令模式.csproj", "{FDF5C53C-BD91-43A3-881B-1146F99BC484}"
EndProject
Project("{FAE04EC0-301F-11D3-BF4B-00C04F79EFBC}") = "20 职责链模式", "20 职责链模式\20 职责链模式.csproj", "{C99C63A3-E4EF-4800-AD7C-1BD94145FB0C}"
EndProject
Project("{FAE04EC0-301F-11D3-BF4B-00C04F79EFBC}") = "21 中介者模式", "21 中介者模式\21 中介者模式.csproj", "{E9F11FC6-3289-4CE1-BBD8-780B83ACE1D9}"
EndProject
Project("{FAE04EC0-301F-11D3-BF4B-00C04F79EFBC}") = "22 享元模式", "22 享元模式\22 享元模式.csproj", "{C5FD6750-F1CE-4767-AEBE-DDE2793E759F}"
EndProject
Project("{FAE04EC0-301F-11D3-BF4B-00C04F79EFBC}") = "23 解析器模式", "23 解析器模式\23 解析器模式.csproj", "{27F317D9-8826-4FC7-872D-614C4DBE1057}"
EndProject
Project("{FAE04EC0-301F-11D3-BF4B-00C04F79EFBC}") = "24 访问者模式", "24 访问者模式\24 访问者模式.csproj", "{B9E69809-2170-4ACF-9E1F-CFD7E7C428A0}"
EndProject
Global
	GlobalSection(SolutionConfigurationPlatforms) = preSolution
		Debug|Any CPU = Debug|Any CPU
		Release|Any CPU = Release|Any CPU
	EndGlobalSection
	GlobalSection(ProjectConfigurationPlatforms) = postSolution
		{FBD93FD5-956B-466E-BEA7-B74D1B076856}.Debug|Any CPU.ActiveCfg = Debug|Any CPU
		{FBD93FD5-956B-466E-BEA7-B74D1B076856}.Debug|Any CPU.Build.0 = Debug|Any CPU
		{FBD93FD5-956B-466E-BEA7-B74D1B076856}.Release|Any CPU.ActiveCfg = Release|Any CPU
		{FBD93FD5-956B-466E-BEA7-B74D1B076856}.Release|Any CPU.Build.0 = Release|Any CPU
		{75AEA496-095A-4F99-893B-C01BB8550D4D}.Debug|Any CPU.ActiveCfg = Debug|Any CPU
		{75AEA496-095A-4F99-893B-C01BB8550D4D}.Debug|Any CPU.Build.0 = Debug|Any CPU
		{75AEA496-095A-4F99-893B-C01BB8550D4D}.Release|Any CPU.ActiveCfg = Release|Any CPU
		{75AEA496-095A-4F99-893B-C01BB8550D4D}.Release|Any CPU.Build.0 = Release|Any CPU
		{2D8EB19A-3FD6-4EAD-8D5D-137B850986F9}.Debug|Any CPU.ActiveCfg = Debug|Any CPU
		{2D8EB19A-3FD6-4EAD-8D5D-137B850986F9}.Debug|Any CPU.Build.0 = Debug|Any CPU
		{2D8EB19A-3FD6-4EAD-8D5D-137B850986F9}.Release|Any CPU.ActiveCfg = Release|Any CPU
		{2D8EB19A-3FD6-4EAD-8D5D-137B850986F9}.Release|Any CPU.Build.0 = Release|Any CPU
		{2878F37F-823C-400D-9138-218722365630}.Debug|Any CPU.ActiveCfg = Debug|Any CPU
		{2878F37F-823C-400D-9138-218722365630}.Debug|Any CPU.Build.0 = Debug|Any CPU
		{2878F37F-823C-400D-9138-218722365630}.Release|Any CPU.ActiveCfg = Release|Any CPU
		{2878F37F-823C-400D-9138-218722365630}.Release|Any CPU.Build.0 = Release|Any CPU
		{432F6CE0-41E0-4E31-905C-F69FB439DD02}.Debug|Any CPU.ActiveCfg = Debug|Any CPU
		{432F6CE0-41E0-4E31-905C-F69FB439DD02}.Debug|Any CPU.Build.0 = Debug|Any CPU
		{432F6CE0-41E0-4E31-905C-F69FB439DD02}.Release|Any CPU.ActiveCfg = Release|Any CPU
		{432F6CE0-41E0-4E31-905C-F69FB439DD02}.Release|Any CPU.Build.0 = Release|Any CPU
		{248D6E1F-E79F-4C7F-B7E1-6A73CAD1227E}.Debug|Any CPU.ActiveCfg = Debug|Any CPU
		{248D6E1F-E79F-4C7F-B7E1-6A73CAD1227E}.Debug|Any CPU.Build.0 = Debug|Any CPU
		{248D6E1F-E79F-4C7F-B7E1-6A73CAD1227E}.Release|Any CPU.ActiveCfg = Release|Any CPU
		{248D6E1F-E79F-4C7F-B7E1-6A73CAD1227E}.Release|Any CPU.Build.0 = Release|Any CPU
		{9ED7F78D-3177-4426-A6A8-184060BDB960}.Debug|Any CPU.ActiveCfg = Debug|Any CPU
		{9ED7F78D-3177-4426-A6A8-184060BDB960}.Debug|Any CPU.Build.0 = Debug|Any CPU
		{9ED7F78D-3177-4426-A6A8-184060BDB960}.Release|Any CPU.ActiveCfg = Release|Any CPU
		{9ED7F78D-3177-4426-A6A8-184060BDB960}.Release|Any CPU.Build.0 = Release|Any CPU
		{3EC63C1F-9EAD-4D70-8EFB-E715F97DF7DF}.Debug|Any CPU.ActiveCfg = Debug|Any CPU
		{3EC63C1F-9EAD-4D70-8EFB-E715F97DF7DF}.Debug|Any CPU.Build.0 = Debug|Any CPU
		{3EC63C1F-9EAD-4D70-8EFB-E715F97DF7DF}.Release|Any CPU.ActiveCfg = Release|Any CPU
		{3EC63C1F-9EAD-4D70-8EFB-E715F97DF7DF}.Release|Any CPU.Build.0 = Release|Any CPU
		{D07F6393-1A48-4135-AE57-996A859CB843}.Debug|Any CPU.ActiveCfg = Debug|Any CPU
		{D07F6393-1A48-4135-AE57-996A859CB843}.Debug|Any CPU.Build.0 = Debug|Any CPU
		{D07F6393-1A48-4135-AE57-996A859CB843}.Release|Any CPU.ActiveCfg = Release|Any CPU
		{D07F6393-1A48-4135-AE57-996A859CB843}.Release|Any CPU.Build.0 = Release|Any CPU
		{4E225F3C-01AD-4389-BBB5-8B80F7DBBCB3}.Debug|Any CPU.ActiveCfg = Debug|Any CPU
		{4E225F3C-01AD-4389-BBB5-8B80F7DBBCB3}.Debug|Any CPU.Build.0 = Debug|Any CPU
		{4E225F3C-01AD-4389-BBB5-8B80F7DBBCB3}.Release|Any CPU.ActiveCfg = Release|Any CPU
		{4E225F3C-01AD-4389-BBB5-8B80F7DBBCB3}.Release|Any CPU.Build.0 = Release|Any CPU
		{87F5F68D-C31A-40E0-A465-7170965E7524}.Debug|Any CPU.ActiveCfg = Debug|Any CPU
		{87F5F68D-C31A-40E0-A465-7170965E7524}.Debug|Any CPU.Build.0 = Debug|Any CPU
		{87F5F68D-C31A-40E0-A465-7170965E7524}.Release|Any CPU.ActiveCfg = Release|Any CPU
		{87F5F68D-C31A-40E0-A465-7170965E7524}.Release|Any CPU.Build.0 = Release|Any CPU
		{9F7A62C2-C7E3-46EF-AA60-661199C9C7DA}.Debug|Any CPU.ActiveCfg = Debug|Any CPU
		{9F7A62C2-C7E3-46EF-AA60-661199C9C7DA}.Debug|Any CPU.Build.0 = Debug|Any CPU
		{9F7A62C2-C7E3-46EF-AA60-661199C9C7DA}.Release|Any CPU.ActiveCfg = Release|Any CPU
		{9F7A62C2-C7E3-46EF-AA60-661199C9C7DA}.Release|Any CPU.Build.0 = Release|Any CPU
		{E3E4A5BC-3681-451D-88EA-037EC3D98979}.Debug|Any CPU.ActiveCfg = Debug|Any CPU
		{E3E4A5BC-3681-451D-88EA-037EC3D98979}.Debug|Any CPU.Build.0 = Debug|Any CPU
		{E3E4A5BC-3681-451D-88EA-037EC3D98979}.Release|Any CPU.ActiveCfg = Release|Any CPU
		{E3E4A5BC-3681-451D-88EA-037EC3D98979}.Release|Any CPU.Build.0 = Release|Any CPU
		{596AF214-8C6C-49DD-AF23-E09C7ACF4BBA}.Debug|Any CPU.ActiveCfg = Debug|Any CPU
		{596AF214-8C6C-49DD-AF23-E09C7ACF4BBA}.Debug|Any CPU.Build.0 = Debug|Any CPU
		{596AF214-8C6C-49DD-AF23-E09C7ACF4BBA}.Release|Any CPU.ActiveCfg = Release|Any CPU
		{596AF214-8C6C-49DD-AF23-E09C7ACF4BBA}.Release|Any CPU.Build.0 = Release|Any CPU
		{F2536E09-CD9D-48AB-A56F-7F44E1A613A3}.Debug|Any CPU.ActiveCfg = Debug|Any CPU
		{F2536E09-CD9D-48AB-A56F-7F44E1A613A3}.Debug|Any CPU.Build.0 = Debug|Any CPU
		{F2536E09-CD9D-48AB-A56F-7F44E1A613A3}.Release|Any CPU.ActiveCfg = Release|Any CPU
		{F2536E09-CD9D-48AB-A56F-7F44E1A613A3}.Release|Any CPU.Build.0 = Release|Any CPU
		{B16B85D8-6D6D-48E0-AA97-759E606AE1AE}.Debug|Any CPU.ActiveCfg = Debug|Any CPU
		{B16B85D8-6D6D-48E0-AA97-759E606AE1AE}.Debug|Any CPU.Build.0 = Debug|Any CPU
		{B16B85D8-6D6D-48E0-AA97-759E606AE1AE}.Release|Any CPU.ActiveCfg = Release|Any CPU
		{B16B85D8-6D6D-48E0-AA97-759E606AE1AE}.Release|Any CPU.Build.0 = Release|Any CPU
		{9EA38B8C-F41E-4D1A-971A-61729C5C3A96}.Debug|Any CPU.ActiveCfg = Debug|Any CPU
		{9EA38B8C-F41E-4D1A-971A-61729C5C3A96}.Debug|Any CPU.Build.0 = Debug|Any CPU
		{9EA38B8C-F41E-4D1A-971A-61729C5C3A96}.Release|Any CPU.ActiveCfg = Release|Any CPU
		{9EA38B8C-F41E-4D1A-971A-61729C5C3A96}.Release|Any CPU.Build.0 = Release|Any CPU
		{EDBC7335-41E5-4193-991B-4DA3B629EF1D}.Debug|Any CPU.ActiveCfg = Debug|Any CPU
		{EDBC7335-41E5-4193-991B-4DA3B629EF1D}.Debug|Any CPU.Build.0 = Debug|Any CPU
		{EDBC7335-41E5-4193-991B-4DA3B629EF1D}.Release|Any CPU.ActiveCfg = Release|Any CPU
		{EDBC7335-41E5-4193-991B-4DA3B629EF1D}.Release|Any CPU.Build.0 = Release|Any CPU
		{FDF5C53C-BD91-43A3-881B-1146F99BC484}.Debug|Any CPU.ActiveCfg = Debug|Any CPU
		{FDF5C53C-BD91-43A3-881B-1146F99BC484}.Debug|Any CPU.Build.0 = Debug|Any CPU
		{FDF5C53C-BD91-43A3-881B-1146F99BC484}.Release|Any CPU.ActiveCfg = Release|Any CPU
		{FDF5C53C-BD91-43A3-881B-1146F99BC484}.Release|Any CPU.Build.0 = Release|Any CPU
		{C99C63A3-E4EF-4800-AD7C-1BD94145FB0C}.Debug|Any CPU.ActiveCfg = Debug|Any CPU
		{C99C63A3-E4EF-4800-AD7C-1BD94145FB0C}.Debug|Any CPU.Build.0 = Debug|Any CPU
		{C99C63A3-E4EF-4800-AD7C-1BD94145FB0C}.Release|Any CPU.ActiveCfg = Release|Any CPU
		{C99C63A3-E4EF-4800-AD7C-1BD94145FB0C}.Release|Any CPU.Build.0 = Release|Any CPU
		{E9F11FC6-3289-4CE1-BBD8-780B83ACE1D9}.Debug|Any CPU.ActiveCfg = Debug|Any CPU
		{E9F11FC6-3289-4CE1-BBD8-780B83ACE1D9}.Debug|Any CPU.Build.0 = Debug|Any CPU
		{E9F11FC6-3289-4CE1-BBD8-780B83ACE1D9}.Release|Any CPU.ActiveCfg = Release|Any CPU
		{E9F11FC6-3289-4CE1-BBD8-780B83ACE1D9}.Release|Any CPU.Build.0 = Release|Any CPU
		{C5FD6750-F1CE-4767-AEBE-DDE2793E759F}.Debug|Any CPU.ActiveCfg = Debug|Any CPU
		{C5FD6750-F1CE-4767-AEBE-DDE2793E759F}.Debug|Any CPU.Build.0 = Debug|Any CPU
		{C5FD6750-F1CE-4767-AEBE-DDE2793E759F}.Release|Any CPU.ActiveCfg = Release|Any CPU
		{C5FD6750-F1CE-4767-AEBE-DDE2793E759F}.Release|Any CPU.Build.0 = Release|Any CPU
		{27F317D9-8826-4FC7-872D-614C4DBE1057}.Debug|Any CPU.ActiveCfg = Debug|Any CPU
		{27F317D9-8826-4FC7-872D-614C4DBE1057}.Debug|Any CPU.Build.0 = Debug|Any CPU
		{27F317D9-8826-4FC7-872D-614C4DBE1057}.Release|Any CPU.ActiveCfg = Release|Any CPU
		{27F317D9-8826-4FC7-872D-614C4DBE1057}.Release|Any CPU.Build.0 = Release|Any CPU
		{B9E69809-2170-4ACF-9E1F-CFD7E7C428A0}.Debug|Any CPU.ActiveCfg = Debug|Any CPU
		{B9E69809-2170-4ACF-9E1F-CFD7E7C428A0}.Debug|Any CPU.Build.0 = Debug|Any CPU
		{B9E69809-2170-4ACF-9E1F-CFD7E7C428A0}.Release|Any CPU.ActiveCfg = Release|Any CPU
		{B9E69809-2170-4ACF-9E1F-CFD7E7C428A0}.Release|Any CPU.Build.0 = Release|Any CPU
	EndGlobalSection
	GlobalSection(SolutionProperties) = preSolution
		HideSolutionNode = FALSE
	EndGlobalSection
	GlobalSection(ExtensibilityGlobals) = postSolution
		SolutionGuid = {989A41C6-79A4-4C60-A655-A364A422729E}
	EndGlobalSection
EndGlobal
